Microsoft Visual Studio Solution File, Format Version 11.00
# Visual Studio 2008

Project("{B19B3F31-A2E3-6FB0-34F5-C3A1A024F485}") = "mutor2016", "Assembly-CSharp.csproj", "{77102B13-8829-D536-9177-A7870D0645E5}"
EndProject
Global
	GlobalSection(SolutionConfigurationPlatforms) = preSolution
		Debug|Any CPU = Debug|Any CPU
		Release|Any CPU = Release|Any CPU
	EndGlobalSection
	GlobalSection(ProjectConfigurationPlatforms) = postSolution
		{77102B13-8829-D536-9177-A7870D0645E5}.Debug|Any CPU.ActiveCfg = Debug|Any CPU
		{77102B13-8829-D536-9177-A7870D0645E5}.Debug|Any CPU.Build.0 = Debug|Any CPU
		{77102B13-8829-D536-9177-A7870D0645E5}.Release|Any CPU.ActiveCfg = Release|Any CPU
		{77102B13-8829-D536-9177-A7870D0645E5}.Release|Any CPU.Build.0 = Release|Any CPU
	EndGlobalSection
	GlobalSection(SolutionProperties) = preSolution
		HideSolutionNode = FALSE
	EndGlobalSection
			GlobalSection(MonoDevelopProperties) = preSolution
		StartupItem = Assembly-CSharp.csproj
	EndGlobalSection

EndGlobal
